
Microsoft Visual Studio Solution File, Format Version 12.00
Project("{FAE04EC0-301F-11D3-BF4B-00C04F79EFBC}") = "ASP-Lesson7", "ASP-Lesson7\ASP-Lesson7.csproj", "{CBF4FD39-6E88-4790-BF74-04EE74FE2DDA}"
EndProject
Global
	GlobalSection(SolutionConfigurationPlatforms) = preSolution
		Debug|Any CPU = Debug|Any CPU
		Release|Any CPU = Release|Any CPU
	EndGlobalSection
	GlobalSection(ProjectConfigurationPlatforms) = postSolution
		{CBF4FD39-6E88-4790-BF74-04EE74FE2DDA}.Debug|Any CPU.ActiveCfg = Debug|Any CPU
		{CBF4FD39-6E88-4790-BF74-04EE74FE2DDA}.Debug|Any CPU.Build.0 = Debug|Any CPU
		{CBF4FD39-6E88-4790-BF74-04EE74FE2DDA}.Release|Any CPU.ActiveCfg = Release|Any CPU
		{CBF4FD39-6E88-4790-BF74-04EE74FE2DDA}.Release|Any CPU.Build.0 = Release|Any CPU
	EndGlobalSection
EndGlobal
